
Microsoft Visual Studio Solution File, Format Version 12.00
# Visual Studio Version 16
VisualStudioVersion = 16.0.32602.291
MinimumVisualStudioVersion = 10.0.40219.1
Project("{FAE04EC0-301F-11D3-BF4B-00C04F79EFBC}") = "CeUAA11_2023_ESSALHIADAM", "CeUAA11_2023_ESSALHIADAM\CeUAA11_2023_ESSALHIADAM.csproj", "{8FD1B7DD-2EFE-40F5-A689-1D64EE8CA21F}"
EndProject
Global
	GlobalSection(SolutionConfigurationPlatforms) = preSolution
		Debug|Any CPU = Debug|Any CPU
		Release|Any CPU = Release|Any CPU
	EndGlobalSection
	GlobalSection(ProjectConfigurationPlatforms) = postSolution
		{8FD1B7DD-2EFE-40F5-A689-1D64EE8CA21F}.Debug|Any CPU.ActiveCfg = Debug|Any CPU
		{8FD1B7DD-2EFE-40F5-A689-1D64EE8CA21F}.Debug|Any CPU.Build.0 = Debug|Any CPU
		{8FD1B7DD-2EFE-40F5-A689-1D64EE8CA21F}.Release|Any CPU.ActiveCfg = Release|Any CPU
		{8FD1B7DD-2EFE-40F5-A689-1D64EE8CA21F}.Release|Any CPU.Build.0 = Release|Any CPU
	EndGlobalSection
	GlobalSection(SolutionProperties) = preSolution
		HideSolutionNode = FALSE
	EndGlobalSection
	GlobalSection(ExtensibilityGlobals) = postSolution
		SolutionGuid = {33BD7A6F-54F5-4F8C-8DE3-8BC329FD163C}
	EndGlobalSection
EndGlobal
